
Microsoft Visual Studio Solution File, Format Version 12.00
# Visual Studio Version 17
VisualStudioVersion = 17.3.32929.385
MinimumVisualStudioVersion = 10.0.40219.1
Project("{FAE04EC0-301F-11D3-BF4B-00C04F79EFBC}") = "MasterCard", "MasterCard\MasterCard.csproj", "{CA8FC90D-80D6-4BED-BC52-D61821C4447C}"
EndProject
Global
	GlobalSection(SolutionConfigurationPlatforms) = preSolution
		Debug|Any CPU = Debug|Any CPU
		Release|Any CPU = Release|Any CPU
	EndGlobalSection
	GlobalSection(ProjectConfigurationPlatforms) = postSolution
		{CA8FC90D-80D6-4BED-BC52-D61821C4447C}.Debug|Any CPU.ActiveCfg = Debug|Any CPU
		{CA8FC90D-80D6-4BED-BC52-D61821C4447C}.Debug|Any CPU.Build.0 = Debug|Any CPU
		{CA8FC90D-80D6-4BED-BC52-D61821C4447C}.Release|Any CPU.ActiveCfg = Release|Any CPU
		{CA8FC90D-80D6-4BED-BC52-D61821C4447C}.Release|Any CPU.Build.0 = Release|Any CPU
	EndGlobalSection
	GlobalSection(SolutionProperties) = preSolution
		HideSolutionNode = FALSE
	EndGlobalSection
	GlobalSection(ExtensibilityGlobals) = postSolution
		SolutionGuid = {BA148804-8957-4DD1-9730-4711A4A29284}
	EndGlobalSection
EndGlobal
